
Microsoft Visual Studio Solution File, Format Version 12.00
# Visual Studio 15
VisualStudioVersion = 15.0.28307.1209
MinimumVisualStudioVersion = 10.0.40219.1
Project("{FAE04EC0-301F-11D3-BF4B-00C04F79EFBC}") = "TwinPrimes", "TwinPrimes\TwinPrimes.csproj", "{52F1C012-916F-4200-8B29-19FE8CD795F2}"
EndProject
Global
	GlobalSection(SolutionConfigurationPlatforms) = preSolution
		Debug|Any CPU = Debug|Any CPU
		Release|Any CPU = Release|Any CPU
	EndGlobalSection
	GlobalSection(ProjectConfigurationPlatforms) = postSolution
		{52F1C012-916F-4200-8B29-19FE8CD795F2}.Debug|Any CPU.ActiveCfg = Debug|Any CPU
		{52F1C012-916F-4200-8B29-19FE8CD795F2}.Debug|Any CPU.Build.0 = Debug|Any CPU
		{52F1C012-916F-4200-8B29-19FE8CD795F2}.Release|Any CPU.ActiveCfg = Release|Any CPU
		{52F1C012-916F-4200-8B29-19FE8CD795F2}.Release|Any CPU.Build.0 = Release|Any CPU
	EndGlobalSection
	GlobalSection(SolutionProperties) = preSolution
		HideSolutionNode = FALSE
	EndGlobalSection
	GlobalSection(ExtensibilityGlobals) = postSolution
		SolutionGuid = {20052D5F-7DAB-4A59-B69C-505A4981F809}
	EndGlobalSection
EndGlobal
